
Microsoft Visual Studio Solution File, Format Version 12.00
# Visual Studio Version 17
VisualStudioVersion = 17.0.31919.166
MinimumVisualStudioVersion = 10.0.40219.1
Project("{8BC9CEB8-8B4A-11D0-8D11-00A0C91BC942}") = "OptGraph", "OptGraph.vcxproj", "{408DEFCD-6687-49DD-A51C-3A597B7BD5FA}"
EndProject
Global
	GlobalSection(SolutionConfigurationPlatforms) = preSolution
		Debug|x64 = Debug|x64
		Debug|x86 = Debug|x86
		Release|x64 = Release|x64
		Release|x86 = Release|x86
	EndGlobalSection
	GlobalSection(ProjectConfigurationPlatforms) = postSolution
		{408DEFCD-6687-49DD-A51C-3A597B7BD5FA}.Debug|x64.ActiveCfg = Debug|x64
		{408DEFCD-6687-49DD-A51C-3A597B7BD5FA}.Debug|x64.Build.0 = Debug|x64
		{408DEFCD-6687-49DD-A51C-3A597B7BD5FA}.Debug|x86.ActiveCfg = Debug|Win32
		{408DEFCD-6687-49DD-A51C-3A597B7BD5FA}.Debug|x86.Build.0 = Debug|Win32
		{408DEFCD-6687-49DD-A51C-3A597B7BD5FA}.Release|x64.ActiveCfg = Release|x64
		{408DEFCD-6687-49DD-A51C-3A597B7BD5FA}.Release|x64.Build.0 = Release|x64
		{408DEFCD-6687-49DD-A51C-3A597B7BD5FA}.Release|x86.ActiveCfg = Release|Win32
		{408DEFCD-6687-49DD-A51C-3A597B7BD5FA}.Release|x86.Build.0 = Release|Win32
	EndGlobalSection
	GlobalSection(SolutionProperties) = preSolution
		HideSolutionNode = FALSE
	EndGlobalSection
	GlobalSection(ExtensibilityGlobals) = postSolution
		SolutionGuid = {9CC6A904-7738-4F83-ACAC-C3EEF0FC27C4}
	EndGlobalSection
EndGlobal
